# THIS IS AN AUTOGENERATED FILE. DO NOT EDIT THIS FILE DIRECTLY.
# yarn lockfile v1


abbrev@1, abbrev@1.0.x:
  version "1.0.9"
  resolved "http://r.cnpmjs.org/abbrev/download/abbrev-1.0.9.tgz#91b4792588a7738c25f35dd6f63752a2f8776135"

acorn-globals@^1.0.3:
  version "1.0.9"
  resolved "http://r.cnpmjs.org/acorn-globals/download/acorn-globals-1.0.9.tgz#55bb5e98691507b74579d0513413217c380c54cf"
  dependencies:
    acorn "^2.1.0"

acorn@^1.0.1:
  version "1.2.2"
  resolved "http://r.cnpmjs.org/acorn/download/acorn-1.2.2.tgz#c8ce27de0acc76d896d2b1fad3df588d9e82f014"

acorn@^2.1.0:
  version "2.7.0"
  resolved "http://r.cnpmjs.org/acorn/download/acorn-2.7.0.tgz#ab6e7d9d886aaca8b085bc3312b79a198433f0e7"

amdefine@>=0.0.4:
  version "1.0.1"
  resolved "http://r.cnpmjs.org/amdefine/download/amdefine-1.0.1.tgz#4a5282ac164729e93619bcfd3ad151f817ce91f5"

argparse@^1.0.7:
  version "1.0.9"
  resolved "http://r.cnpmjs.org/argparse/download/argparse-1.0.9.tgz#73d83bc263f86e97f8cc4f6bae1b0e90a7d22c86"
  dependencies:
    sprintf-js "~1.0.2"

asap@~1.0.0:
  version "1.0.0"
  resolved "http://r.cnpmjs.org/asap/download/asap-1.0.0.tgz#b2a45da5fdfa20b0496fc3768cc27c12fa916a7d"

assertion-error@^1.0.1:
  version "1.0.2"
  resolved "http://r.cnpmjs.org/assertion-error/download/assertion-error-1.0.2.tgz#13ca515d86206da0bac66e834dd397d87581094c"

async@0.9.x:
  version "0.9.2"
  resolved "http://r.cnpmjs.org/async/download/async-0.9.2.tgz#aea74d5e61c1f899613bf64bda66d4c78f2fd17d"

async@~0.2.6:
  version "0.2.10"
  resolved "http://r.cnpmjs.org/async/download/async-0.2.10.tgz#b6bbe0b0674b9d719708ca38de8c237cb526c3d1"

balanced-match@^0.4.1:
  version "0.4.2"
  resolved "http://r.cnpmjs.org/balanced-match/download/balanced-match-0.4.2.tgz#cb3f3e3c732dc0f01ee70b403f302e61d7709838"

brace-expansion@^1.0.0:
  version "1.1.6"
  resolved "http://r.cnpmjs.org/brace-expansion/download/brace-expansion-1.1.6.tgz#7197d7eaa9b87e648390ea61fc66c84427420df9"
  dependencies:
    balanced-match "^0.4.1"
    concat-map "0.0.1"

browser-stdout@1.3.0:
  version "1.3.0"
  resolved "http://r.cnpmjs.org/browser-stdout/download/browser-stdout-1.3.0.tgz#f351d32969d32fa5d7a5567154263d928ae3bd1f"

chai@^3.5.0:
  version "3.5.0"
  resolved "http://r.cnpmjs.org/chai/download/chai-3.5.0.tgz#4d02637b067fe958bdbfdd3a40ec56fef7373247"
  dependencies:
    assertion-error "^1.0.1"
    deep-eql "^0.1.3"
    type-detect "^1.0.0"

character-parser@1.2.1:
  version "1.2.1"
  resolved "http://r.cnpmjs.org/character-parser/download/character-parser-1.2.1.tgz#c0dde4ab182713b919b970959a123ecc1a30fcd6"

clean-css@^3.1.9:
  version "3.4.22"
  resolved "http://r.cnpmjs.org/clean-css/download/clean-css-3.4.22.tgz#db323064f752028778233b58c54cd8535f860892"
  dependencies:
    commander "2.8.x"
    source-map "0.4.x"

cluster@^0.7.7:
  version "0.7.7"
  resolved "http://r.cnpmjs.org/cluster/download/cluster-0.7.7.tgz#e497e267cc956bd0b0513adb4aa393357d0085ef"
  dependencies:
    log ">= 1.2.0"
    mkdirp ">= 0.0.1"

commander@2.8.x:
  version "2.8.1"
  resolved "http://r.cnpmjs.org/commander/download/commander-2.8.1.tgz#06be367febfda0c330aa1e2a072d3dc9762425d4"
  dependencies:
    graceful-readlink ">= 1.0.0"

commander@2.9.0:
  version "2.9.0"
  resolved "http://r.cnpmjs.org/commander/download/commander-2.9.0.tgz#9c99094176e12240cb22d6c5146098400fe0f7d4"
  dependencies:
    graceful-readlink ">= 1.0.0"

commander@~2.6.0:
  version "2.6.0"
  resolved "http://r.cnpmjs.org/commander/download/commander-2.6.0.tgz#9df7e52fb2a0cb0fb89058ee80c3104225f37e1d"

concat-map@0.0.1:
  version "0.0.1"
  resolved "http://r.cnpmjs.org/concat-map/download/concat-map-0.0.1.tgz#d8a96bd77fd68df7793a73036a3ba0d5405d477b"

constantinople@~3.0.1:
  version "3.0.2"
  resolved "http://r.cnpmjs.org/constantinople/download/constantinople-3.0.2.tgz#4b945d9937907bcd98ee575122c3817516544141"
  dependencies:
    acorn "^2.1.0"

css-parse@1.0.4:
  version "1.0.4"
  resolved "http://r.cnpmjs.org/css-parse/download/css-parse-1.0.4.tgz#38b0503fbf9da9f54e9c1dbda60e145c77117bdd"

css-stringify@1.0.5:
  version "1.0.5"
  resolved "http://r.cnpmjs.org/css-stringify/download/css-stringify-1.0.5.tgz#b0d042946db2953bb9d292900a6cb5f6d0122031"

css@~1.0.8:
  version "1.0.8"
  resolved "http://r.cnpmjs.org/css/download/css-1.0.8.tgz#9386811ca82bccc9ee7fb5a732b1e2a317c8a3e7"
  dependencies:
    css-parse "1.0.4"
    css-stringify "1.0.5"

debug@2.2.0:
  version "2.2.0"
  resolved "http://r.cnpmjs.org/debug/download/debug-2.2.0.tgz#f87057e995b1a1f6ae6a4960664137bc56f039da"
  dependencies:
    ms "0.7.1"

deep-eql@^0.1.3:
  version "0.1.3"
  resolved "http://r.cnpmjs.org/deep-eql/download/deep-eql-0.1.3.tgz#ef558acab8de25206cd713906d74e56930eb69f2"
  dependencies:
    type-detect "0.1.1"

deep-is@~0.1.2:
  version "0.1.3"
  resolved "http://r.cnpmjs.org/deep-is/download/deep-is-0.1.3.tgz#b369d6fb5dbc13eecf524f91b070feedc357cf34"

diff@1.4.0:
  version "1.4.0"
  resolved "http://r.cnpmjs.org/diff/download/diff-1.4.0.tgz#7f28d2eb9ee7b15a97efd89ce63dcfdaa3ccbabf"

email@^0.2.6:
  version "0.2.6"
  resolved "http://r.cnpmjs.org/email/download/email-0.2.6.tgz#96c538cf4a8a23db8bd2af7156c7b968f39abc4c"

escape-string-regexp@1.0.5:
  version "1.0.5"
  resolved "http://r.cnpmjs.org/escape-string-regexp/download/escape-string-regexp-1.0.5.tgz#1b61c0562190a8dff6ae3bb2cf0200ca130b86d4"

escodegen@1.6.x:
  version "1.6.1"
  resolved "http://r.cnpmjs.org/escodegen/download/escodegen-1.6.1.tgz#367de17d8510540d12bc6dcb8b3f918391265815"
  dependencies:
    esprima "^1.2.2"
    estraverse "^1.9.1"
    esutils "^1.1.6"
    optionator "^0.5.0"
  optionalDependencies:
    source-map "~0.1.40"

esprima-fb@latest:
  version "15001.1001.0-dev-harmony-fb"
  resolved "http://r.cnpmjs.org/esprima-fb/download/esprima-fb-15001.1001.0-dev-harmony-fb.tgz#43beb57ec26e8cf237d3dd8b33e42533577f2659"

esprima@^1.2.2:
  version "1.2.5"
  resolved "http://r.cnpmjs.org/esprima/download/esprima-1.2.5.tgz#0993502feaf668138325756f30f9a51feeec11e9"

esprima@^2.6.0:
  version "2.7.3"
  resolved "http://r.cnpmjs.org/esprima/download/esprima-2.7.3.tgz#96e3b70d5779f6ad49cd032673d1c312767ba581"

estraverse@^1.9.1:
  version "1.9.3"
  resolved "http://r.cnpmjs.org/estraverse/download/estraverse-1.9.3.tgz#af67f2dc922582415950926091a4005d29c9bb44"

esutils@^1.1.6:
  version "1.1.6"
  resolved "http://r.cnpmjs.org/esutils/download/esutils-1.1.6.tgz#c01ccaa9ae4b897c6d0c3e210ae52f3c7a844375"

fast-levenshtein@~1.0.0:
  version "1.0.7"
  resolved "http://r.cnpmjs.org/fast-levenshtein/download/fast-levenshtein-1.0.7.tgz#0178dcdee023b92905193af0959e8a7639cfdcb9"

fileset@0.2.x:
  version "0.2.1"
  resolved "http://r.cnpmjs.org/fileset/download/fileset-0.2.1.tgz#588ef8973c6623b2a76df465105696b96aac8067"
  dependencies:
    glob "5.x"
    minimatch "2.x"

fs.realpath@^1.0.0:
  version "1.0.0"
  resolved "http://r.cnpmjs.org/fs.realpath/download/fs.realpath-1.0.0.tgz#1504ad2523158caa40db4a2787cb01411994ea4f"

fs@^0.0.1-security:
  version "0.0.1-security"
  resolved "http://r.cnpmjs.org/fs/download/fs-0.0.1-security.tgz#8a7bd37186b6dddf3813f23858b57ecaaf5e41d4"

glob@5.x:
  version "5.0.15"
  resolved "http://r.cnpmjs.org/glob/download/glob-5.0.15.tgz#1bc936b9e02f4a603fcc222ecf7633d30b8b93b1"
  dependencies:
    inflight "^1.0.4"
    inherits "2"
    minimatch "2 || 3"
    once "^1.3.0"
    path-is-absolute "^1.0.0"

glob@7.0.5:
  version "7.0.5"
  resolved "http://r.cnpmjs.org/glob/download/glob-7.0.5.tgz#b4202a69099bbb4d292a7c1b95b6682b67ebdc95"
  dependencies:
    fs.realpath "^1.0.0"
    inflight "^1.0.4"
    inherits "2"
    minimatch "^3.0.2"
    once "^1.3.0"
    path-is-absolute "^1.0.0"

"graceful-readlink@>= 1.0.0":
  version "1.0.1"
  resolved "http://r.cnpmjs.org/graceful-readlink/download/graceful-readlink-1.0.1.tgz#4cafad76bc62f02fa039b2f94e9a3dd3a391a725"

growl@1.9.2:
  version "1.9.2"
  resolved "http://r.cnpmjs.org/growl/download/growl-1.9.2.tgz#0ea7743715db8d8de2c5ede1775e1b45ac85c02f"

handlebars@3.0.0:
  version "3.0.0"
  resolved "http://r.cnpmjs.org/handlebars/download/handlebars-3.0.0.tgz#7f4e537f4dd6992869d66c01b7505eba3561a5d5"
  dependencies:
    optimist "^0.6.1"
    source-map "^0.1.40"
  optionalDependencies:
    uglify-js "~2.3"

has-flag@^1.0.0:
  version "1.0.0"
  resolved "http://r.cnpmjs.org/has-flag/download/has-flag-1.0.0.tgz#9d9e793165ce017a00f00418c43f942a7b1d11fa"

http@^0.0.0:
  version "0.0.0"
  resolved "http://r.cnpmjs.org/http/download/http-0.0.0.tgz#86e6326d29c5d039de9fac584a45689f929f4f72"

inflight@^1.0.4:
  version "1.0.6"
  resolved "http://r.cnpmjs.org/inflight/download/inflight-1.0.6.tgz#49bd6331d7d02d0c09bc910a1075ba8165b56df9"
  dependencies:
    once "^1.3.0"
    wrappy "1"

inherits@2:
  version "2.0.3"
  resolved "http://r.cnpmjs.org/inherits/download/inherits-2.0.3.tgz#633c2c83e3da42a502f52466022480f4208261de"

is-promise@^2.0.0:
  version "2.1.0"
  resolved "http://r.cnpmjs.org/is-promise/download/is-promise-2.1.0.tgz#79a2a9ece7f096e80f36d2b2f3bc16c1ff4bf3fa"

is-promise@~1:
  version "1.0.1"
  resolved "http://r.cnpmjs.org/is-promise/download/is-promise-1.0.1.tgz#31573761c057e33c2e91aab9e96da08cefbe76e5"

istanbul-harmony@^0.3.16:
  version "0.3.16"
  resolved "http://r.cnpmjs.org/istanbul-harmony/download/istanbul-harmony-0.3.16.tgz#5e641a74829c11c807994800efae4be274861644"
  dependencies:
    abbrev "1.0.x"
    async "0.9.x"
    escodegen "1.6.x"
    esprima-fb latest
    fileset "0.2.x"
    handlebars "3.0.0"
    js-yaml "3.x"
    mkdirp "0.5.x"
    nopt "3.x"
    once "1.x"
    resolve "1.1.x"
    supports-color "1.3.x"
    which "1.0.x"
    wordwrap "0.0.x"

jade@^1.11.0:
  version "1.11.0"
  resolved "http://r.cnpmjs.org/jade/download/jade-1.11.0.tgz#9c80e538c12d3fb95c8d9bb9559fa0cc040405fd"
  dependencies:
    character-parser "1.2.1"
    clean-css "^3.1.9"
    commander "~2.6.0"
    constantinople "~3.0.1"
    jstransformer "0.0.2"
    mkdirp "~0.5.0"
    transformers "2.1.0"
    void-elements "~2.0.1"
    with "~4.0.0"

js-yaml@3.x:
  version "3.7.0"
  resolved "http://r.cnpmjs.org/js-yaml/download/js-yaml-3.7.0.tgz#5c967ddd837a9bfdca5f2de84253abe8a1c03b80"
  dependencies:
    argparse "^1.0.7"
    esprima "^2.6.0"

json3@3.3.2:
  version "3.3.2"
  resolved "http://r.cnpmjs.org/json3/download/json3-3.3.2.tgz#3c0434743df93e2f5c42aee7b19bcb483575f4e1"

jstransformer@0.0.2:
  version "0.0.2"
  resolved "http://r.cnpmjs.org/jstransformer/download/jstransformer-0.0.2.tgz#7aae29a903d196cfa0973d885d3e47947ecd76ab"
  dependencies:
    is-promise "^2.0.0"
    promise "^6.0.1"

levn@~0.2.5:
  version "0.2.5"
  resolved "http://r.cnpmjs.org/levn/download/levn-0.2.5.tgz#ba8d339d0ca4a610e3a3f145b9caf48807155054"
  dependencies:
    prelude-ls "~1.1.0"
    type-check "~0.3.1"

lodash._baseassign@^3.0.0:
  version "3.2.0"
  resolved "http://r.cnpmjs.org/lodash._baseassign/download/lodash._baseassign-3.2.0.tgz#8c38a099500f215ad09e59f1722fd0c52bfe0a4e"
  dependencies:
    lodash._basecopy "^3.0.0"
    lodash.keys "^3.0.0"

lodash._basecopy@^3.0.0:
  version "3.0.1"
  resolved "http://r.cnpmjs.org/lodash._basecopy/download/lodash._basecopy-3.0.1.tgz#8da0e6a876cf344c0ad8a54882111dd3c5c7ca36"

lodash._basecreate@^3.0.0:
  version "3.0.3"
  resolved "http://r.cnpmjs.org/lodash._basecreate/download/lodash._basecreate-3.0.3.tgz#1bc661614daa7fc311b7d03bf16806a0213cf821"

lodash._getnative@^3.0.0:
  version "3.9.1"
  resolved "http://r.cnpmjs.org/lodash._getnative/download/lodash._getnative-3.9.1.tgz#570bc7dede46d61cdcde687d65d3eecbaa3aaff5"

lodash._isiterateecall@^3.0.0:
  version "3.0.9"
  resolved "http://r.cnpmjs.org/lodash._isiterateecall/download/lodash._isiterateecall-3.0.9.tgz#5203ad7ba425fae842460e696db9cf3e6aac057c"

lodash.create@3.1.1:
  version "3.1.1"
  resolved "http://r.cnpmjs.org/lodash.create/download/lodash.create-3.1.1.tgz#d7f2849f0dbda7e04682bb8cd72ab022461debe7"
  dependencies:
    lodash._baseassign "^3.0.0"
    lodash._basecreate "^3.0.0"
    lodash._isiterateecall "^3.0.0"

lodash.isarguments@^3.0.0:
  version "3.1.0"
  resolved "http://r.cnpmjs.org/lodash.isarguments/download/lodash.isarguments-3.1.0.tgz#2f573d85c6a24289ff00663b491c1d338ff3458a"

lodash.isarray@^3.0.0:
  version "3.0.4"
  resolved "http://r.cnpmjs.org/lodash.isarray/download/lodash.isarray-3.0.4.tgz#79e4eb88c36a8122af86f844aa9bcd851b5fbb55"

lodash.keys@^3.0.0:
  version "3.1.2"
  resolved "http://r.cnpmjs.org/lodash.keys/download/lodash.keys-3.1.2.tgz#4dbc0472b156be50a0b286855d1bd0b0c656098a"
  dependencies:
    lodash._getnative "^3.0.0"
    lodash.isarguments "^3.0.0"
    lodash.isarray "^3.0.0"

"log@>= 1.2.0":
  version "1.4.0"
  resolved "http://r.cnpmjs.org/log/download/log-1.4.0.tgz#4ba1d890fde249b031dca03bc37eaaf325656f1c"

"minimatch@2 || 3", minimatch@^3.0.2:
  version "3.0.3"
  resolved "http://r.cnpmjs.org/minimatch/download/minimatch-3.0.3.tgz#2a4e4090b96b2db06a9d7df01055a62a77c9b774"
  dependencies:
    brace-expansion "^1.0.0"

minimatch@2.x:
  version "2.0.10"
  resolved "http://r.cnpmjs.org/minimatch/download/minimatch-2.0.10.tgz#8d087c39c6b38c001b97fca7ce6d0e1e80afbac7"
  dependencies:
    brace-expansion "^1.0.0"

minimist@0.0.8, minimist@~0.0.1:
  version "0.0.8"
  resolved "http://r.cnpmjs.org/minimist/download/minimist-0.0.8.tgz#857fcabfc3397d2625b8228262e86aa7a011b05d"

mkdirp@0.5.1, mkdirp@0.5.x, "mkdirp@>= 0.0.1", mkdirp@~0.5.0:
  version "0.5.1"
  resolved "http://r.cnpmjs.org/mkdirp/download/mkdirp-0.5.1.tgz#30057438eac6cf7f8c4767f38648d6697d75c903"
  dependencies:
    minimist "0.0.8"

mocha@^3.2.0:
  version "3.2.0"
  resolved "http://r.cnpmjs.org/mocha/download/mocha-3.2.0.tgz#7dc4f45e5088075171a68896814e6ae9eb7a85e3"
  dependencies:
    browser-stdout "1.3.0"
    commander "2.9.0"
    debug "2.2.0"
    diff "1.4.0"
    escape-string-regexp "1.0.5"
    glob "7.0.5"
    growl "1.9.2"
    json3 "3.3.2"
    lodash.create "3.1.1"
    mkdirp "0.5.1"
    supports-color "3.1.2"

ms@0.7.1:
  version "0.7.1"
  resolved "http://r.cnpmjs.org/ms/download/ms-0.7.1.tgz#9cd13c03adbff25b65effde7ce864ee952017098"

nopt@3.x:
  version "3.0.6"
  resolved "http://r.cnpmjs.org/nopt/download/nopt-3.0.6.tgz#c6465dbf08abcd4db359317f79ac68a646b28ff9"
  dependencies:
    abbrev "1"

once@1.x, once@^1.3.0:
  version "1.4.0"
  resolved "http://r.cnpmjs.org/once/download/once-1.4.0.tgz#583b1aa775961d4b113ac17d9c50baef9dd76bd1"
  dependencies:
    wrappy "1"

optimist@^0.6.1:
  version "0.6.1"
  resolved "http://r.cnpmjs.org/optimist/download/optimist-0.6.1.tgz#da3ea74686fa21a19a111c326e90eb15a0196686"
  dependencies:
    minimist "~0.0.1"
    wordwrap "~0.0.2"

optimist@~0.3.5:
  version "0.3.7"
  resolved "http://r.cnpmjs.org/optimist/download/optimist-0.3.7.tgz#c90941ad59e4273328923074d2cf2e7cbc6ec0d9"
  dependencies:
    wordwrap "~0.0.2"

optionator@^0.5.0:
  version "0.5.0"
  resolved "http://r.cnpmjs.org/optionator/download/optionator-0.5.0.tgz#b75a8995a2d417df25b6e4e3862f50aa88651368"
  dependencies:
    deep-is "~0.1.2"
    fast-levenshtein "~1.0.0"
    levn "~0.2.5"
    prelude-ls "~1.1.1"
    type-check "~0.3.1"
    wordwrap "~0.0.2"

path-is-absolute@^1.0.0:
  version "1.0.1"
  resolved "http://r.cnpmjs.org/path-is-absolute/download/path-is-absolute-1.0.1.tgz#174b9268735534ffbc7ace6bf53a5a9e1b5c5f5f"

prelude-ls@~1.1.0, prelude-ls@~1.1.1, prelude-ls@~1.1.2:
  version "1.1.2"
  resolved "http://r.cnpmjs.org/prelude-ls/download/prelude-ls-1.1.2.tgz#21932a549f5e52ffd9a827f570e04be62a97da54"

promise@^6.0.1:
  version "6.1.0"
  resolved "http://r.cnpmjs.org/promise/download/promise-6.1.0.tgz#2ce729f6b94b45c26891ad0602c5c90e04c6eef6"
  dependencies:
    asap "~1.0.0"

promise@~2.0:
  version "2.0.0"
  resolved "http://r.cnpmjs.org/promise/download/promise-2.0.0.tgz#46648aa9d605af5d2e70c3024bf59436da02b80e"
  dependencies:
    is-promise "~1"

resolve@1.1.x:
  version "1.1.7"
  resolved "http://r.cnpmjs.org/resolve/download/resolve-1.1.7.tgz#203114d82ad2c5ed9e8e0411b3932875e889e97b"

should-equal@^1.0.0:
  version "1.0.1"
  resolved "http://r.cnpmjs.org/should-equal/download/should-equal-1.0.1.tgz#0b6e9516f2601a9fb0bb2dcc369afa1c7e200af7"
  dependencies:
    should-type "^1.0.0"

should-format@^3.0.2:
  version "3.0.2"
  resolved "http://r.cnpmjs.org/should-format/download/should-format-3.0.2.tgz#1a543ad3abfea5dc2bea4a0ba875ede60fe22b19"
  dependencies:
    should-type "^1.3.0"
    should-type-adaptors "^1.0.1"

should-type-adaptors@^1.0.1:
  version "1.0.1"
  resolved "http://r.cnpmjs.org/should-type-adaptors/download/should-type-adaptors-1.0.1.tgz#efe5553cdf68cff66e5c5f51b712dc351c77beaa"
  dependencies:
    should-type "^1.3.0"
    should-util "^1.0.0"

should-type@^1.0.0, should-type@^1.3.0, should-type@^1.4.0:
  version "1.4.0"
  resolved "http://r.cnpmjs.org/should-type/download/should-type-1.4.0.tgz#0756d8ce846dfd09843a6947719dfa0d4cff5cf3"

should-util@^1.0.0:
  version "1.0.0"
  resolved "http://r.cnpmjs.org/should-util/download/should-util-1.0.0.tgz#c98cda374aa6b190df8ba87c9889c2b4db620063"

should@^11.1.2:
  version "11.1.2"
  resolved "http://r.cnpmjs.org/should/download/should-11.1.2.tgz#3cad9c6fc600ffe2e1547d948be3284e984da946"
  dependencies:
    should-equal "^1.0.0"
    should-format "^3.0.2"
    should-type "^1.4.0"
    should-type-adaptors "^1.0.1"
    should-util "^1.0.0"

source-map@0.4.x:
  version "0.4.4"
  resolved "http://r.cnpmjs.org/source-map/download/source-map-0.4.4.tgz#eba4f5da9c0dc999de68032d8b4f76173652036b"
  dependencies:
    amdefine ">=0.0.4"

source-map@^0.1.40, source-map@~0.1.40, source-map@~0.1.7:
  version "0.1.43"
  resolved "http://r.cnpmjs.org/source-map/download/source-map-0.1.43.tgz#c24bc146ca517c1471f5dacbe2571b2b7f9e3346"
  dependencies:
    amdefine ">=0.0.4"

sprintf-js@~1.0.2:
  version "1.0.3"
  resolved "http://r.cnpmjs.org/sprintf-js/download/sprintf-js-1.0.3.tgz#04e6926f662895354f3dd015203633b857297e2c"

supports-color@1.3.x:
  version "1.3.1"
  resolved "http://r.cnpmjs.org/supports-color/download/supports-color-1.3.1.tgz#15758df09d8ff3b4acc307539fabe27095e1042d"

supports-color@3.1.2:
  version "3.1.2"
  resolved "http://r.cnpmjs.org/supports-color/download/supports-color-3.1.2.tgz#72a262894d9d408b956ca05ff37b2ed8a6e2a2d5"
  dependencies:
    has-flag "^1.0.0"

transformers@2.1.0:
  version "2.1.0"
  resolved "http://r.cnpmjs.org/transformers/download/transformers-2.1.0.tgz#5d23cb35561dd85dc67fb8482309b47d53cce9a7"
  dependencies:
    css "~1.0.8"
    promise "~2.0"
    uglify-js "~2.2.5"

type-check@~0.3.1:
  version "0.3.2"
  resolved "http://r.cnpmjs.org/type-check/download/type-check-0.3.2.tgz#5884cab512cf1d355e3fb784f30804b2b520db72"
  dependencies:
    prelude-ls "~1.1.2"

type-detect@0.1.1:
  version "0.1.1"
  resolved "http://r.cnpmjs.org/type-detect/download/type-detect-0.1.1.tgz#0ba5ec2a885640e470ea4e8505971900dac58822"

type-detect@^1.0.0:
  version "1.0.0"
  resolved "http://r.cnpmjs.org/type-detect/download/type-detect-1.0.0.tgz#762217cc06db258ec48908a1298e8b95121e8ea2"

uglify-js@~2.2.5:
  version "2.2.5"
  resolved "http://r.cnpmjs.org/uglify-js/download/uglify-js-2.2.5.tgz#a6e02a70d839792b9780488b7b8b184c095c99c7"
  dependencies:
    optimist "~0.3.5"
    source-map "~0.1.7"

uglify-js@~2.3:
  version "2.3.6"
  resolved "http://r.cnpmjs.org/uglify-js/download/uglify-js-2.3.6.tgz#fa0984770b428b7a9b2a8058f46355d14fef211a"
  dependencies:
    async "~0.2.6"
    optimist "~0.3.5"
    source-map "~0.1.7"

void-elements@~2.0.1:
  version "2.0.1"
  resolved "http://r.cnpmjs.org/void-elements/download/void-elements-2.0.1.tgz#c066afb582bb1cb4128d60ea92392e94d5e9dbec"

which@1.0.x:
  version "1.0.9"
  resolved "http://r.cnpmjs.org/which/download/which-1.0.9.tgz#460c1da0f810103d0321a9b633af9e575e64486f"

with@~4.0.0:
  version "4.0.3"
  resolved "http://r.cnpmjs.org/with/download/with-4.0.3.tgz#eefd154e9e79d2c8d3417b647a8f14d9fecce14e"
  dependencies:
    acorn "^1.0.1"
    acorn-globals "^1.0.3"

wordwrap@0.0.x, wordwrap@~0.0.2:
  version "0.0.3"
  resolved "http://r.cnpmjs.org/wordwrap/download/wordwrap-0.0.3.tgz#a3d5da6cd5c0bc0008d37234bbaf1bed63059107"

wrappy@1:
  version "1.0.2"
  resolved "http://r.cnpmjs.org/wrappy/download/wrappy-1.0.2.tgz#b5243d8f3ec1aa35f1364605bc0d1036e30ab69f"
