# THIS IS AN AUTOGENERATED FILE. DO NOT EDIT THIS FILE DIRECTLY.
# yarn lockfile v1


acorn-globals@^1.0.3:
  version "1.0.9"
  resolved "http://r.cnpmjs.org/acorn-globals/download/acorn-globals-1.0.9.tgz#55bb5e98691507b74579d0513413217c380c54cf"
  dependencies:
    acorn "^2.1.0"

acorn@^1.0.1:
  version "1.2.2"
  resolved "http://r.cnpmjs.org/acorn/download/acorn-1.2.2.tgz#c8ce27de0acc76d896d2b1fad3df588d9e82f014"

acorn@^2.1.0:
  version "2.7.0"
  resolved "http://r.cnpmjs.org/acorn/download/acorn-2.7.0.tgz#ab6e7d9d886aaca8b085bc3312b79a198433f0e7"

amdefine@>=0.0.4:
  version "1.0.1"
  resolved "http://r.cnpmjs.org/amdefine/download/amdefine-1.0.1.tgz#4a5282ac164729e93619bcfd3ad151f817ce91f5"

asap@~1.0.0:
  version "1.0.0"
  resolved "http://r.cnpmjs.org/asap/download/asap-1.0.0.tgz#b2a45da5fdfa20b0496fc3768cc27c12fa916a7d"

character-parser@1.2.1:
  version "1.2.1"
  resolved "http://r.cnpmjs.org/character-parser/download/character-parser-1.2.1.tgz#c0dde4ab182713b919b970959a123ecc1a30fcd6"

clean-css@^3.1.9:
  version "3.4.22"
  resolved "http://r.cnpmjs.org/clean-css/download/clean-css-3.4.22.tgz#db323064f752028778233b58c54cd8535f860892"
  dependencies:
    commander "2.8.x"
    source-map "0.4.x"

cluster@^0.7.7:
  version "0.7.7"
  resolved "http://r.cnpmjs.org/cluster/download/cluster-0.7.7.tgz#e497e267cc956bd0b0513adb4aa393357d0085ef"
  dependencies:
    log ">= 1.2.0"
    mkdirp ">= 0.0.1"

commander@2.8.x:
  version "2.8.1"
  resolved "http://r.cnpmjs.org/commander/download/commander-2.8.1.tgz#06be367febfda0c330aa1e2a072d3dc9762425d4"
  dependencies:
    graceful-readlink ">= 1.0.0"

commander@~2.6.0:
  version "2.6.0"
  resolved "http://r.cnpmjs.org/commander/download/commander-2.6.0.tgz#9df7e52fb2a0cb0fb89058ee80c3104225f37e1d"

constantinople@~3.0.1:
  version "3.0.2"
  resolved "http://r.cnpmjs.org/constantinople/download/constantinople-3.0.2.tgz#4b945d9937907bcd98ee575122c3817516544141"
  dependencies:
    acorn "^2.1.0"

css-parse@1.0.4:
  version "1.0.4"
  resolved "http://r.cnpmjs.org/css-parse/download/css-parse-1.0.4.tgz#38b0503fbf9da9f54e9c1dbda60e145c77117bdd"

css-stringify@1.0.5:
  version "1.0.5"
  resolved "http://r.cnpmjs.org/css-stringify/download/css-stringify-1.0.5.tgz#b0d042946db2953bb9d292900a6cb5f6d0122031"

css@~1.0.8:
  version "1.0.8"
  resolved "http://r.cnpmjs.org/css/download/css-1.0.8.tgz#9386811ca82bccc9ee7fb5a732b1e2a317c8a3e7"
  dependencies:
    css-parse "1.0.4"
    css-stringify "1.0.5"

email@^0.2.6:
  version "0.2.6"
  resolved "http://r.cnpmjs.org/email/download/email-0.2.6.tgz#96c538cf4a8a23db8bd2af7156c7b968f39abc4c"

fs@^0.0.1-security:
  version "0.0.1-security"
  resolved "http://r.cnpmjs.org/fs/download/fs-0.0.1-security.tgz#8a7bd37186b6dddf3813f23858b57ecaaf5e41d4"

"graceful-readlink@>= 1.0.0":
  version "1.0.1"
  resolved "http://r.cnpmjs.org/graceful-readlink/download/graceful-readlink-1.0.1.tgz#4cafad76bc62f02fa039b2f94e9a3dd3a391a725"

http@^0.0.0:
  version "0.0.0"
  resolved "http://r.cnpmjs.org/http/download/http-0.0.0.tgz#86e6326d29c5d039de9fac584a45689f929f4f72"

is-promise@^2.0.0:
  version "2.1.0"
  resolved "http://r.cnpmjs.org/is-promise/download/is-promise-2.1.0.tgz#79a2a9ece7f096e80f36d2b2f3bc16c1ff4bf3fa"

is-promise@~1:
  version "1.0.1"
  resolved "http://r.cnpmjs.org/is-promise/download/is-promise-1.0.1.tgz#31573761c057e33c2e91aab9e96da08cefbe76e5"

jade@^1.11.0:
  version "1.11.0"
  resolved "http://r.cnpmjs.org/jade/download/jade-1.11.0.tgz#9c80e538c12d3fb95c8d9bb9559fa0cc040405fd"
  dependencies:
    character-parser "1.2.1"
    clean-css "^3.1.9"
    commander "~2.6.0"
    constantinople "~3.0.1"
    jstransformer "0.0.2"
    mkdirp "~0.5.0"
    transformers "2.1.0"
    void-elements "~2.0.1"
    with "~4.0.0"

jstransformer@0.0.2:
  version "0.0.2"
  resolved "http://r.cnpmjs.org/jstransformer/download/jstransformer-0.0.2.tgz#7aae29a903d196cfa0973d885d3e47947ecd76ab"
  dependencies:
    is-promise "^2.0.0"
    promise "^6.0.1"

"log@>= 1.2.0":
  version "1.4.0"
  resolved "http://r.cnpmjs.org/log/download/log-1.4.0.tgz#4ba1d890fde249b031dca03bc37eaaf325656f1c"

minimist@0.0.8:
  version "0.0.8"
  resolved "http://r.cnpmjs.org/minimist/download/minimist-0.0.8.tgz#857fcabfc3397d2625b8228262e86aa7a011b05d"

"mkdirp@>= 0.0.1", mkdirp@~0.5.0:
  version "0.5.1"
  resolved "http://r.cnpmjs.org/mkdirp/download/mkdirp-0.5.1.tgz#30057438eac6cf7f8c4767f38648d6697d75c903"
  dependencies:
    minimist "0.0.8"

optimist@~0.3.5:
  version "0.3.7"
  resolved "http://r.cnpmjs.org/optimist/download/optimist-0.3.7.tgz#c90941ad59e4273328923074d2cf2e7cbc6ec0d9"
  dependencies:
    wordwrap "~0.0.2"

promise@^6.0.1:
  version "6.1.0"
  resolved "http://r.cnpmjs.org/promise/download/promise-6.1.0.tgz#2ce729f6b94b45c26891ad0602c5c90e04c6eef6"
  dependencies:
    asap "~1.0.0"

promise@~2.0:
  version "2.0.0"
  resolved "http://r.cnpmjs.org/promise/download/promise-2.0.0.tgz#46648aa9d605af5d2e70c3024bf59436da02b80e"
  dependencies:
    is-promise "~1"

source-map@0.4.x:
  version "0.4.4"
  resolved "http://r.cnpmjs.org/source-map/download/source-map-0.4.4.tgz#eba4f5da9c0dc999de68032d8b4f76173652036b"
  dependencies:
    amdefine ">=0.0.4"

source-map@~0.1.7:
  version "0.1.43"
  resolved "http://r.cnpmjs.org/source-map/download/source-map-0.1.43.tgz#c24bc146ca517c1471f5dacbe2571b2b7f9e3346"
  dependencies:
    amdefine ">=0.0.4"

transformers@2.1.0:
  version "2.1.0"
  resolved "http://r.cnpmjs.org/transformers/download/transformers-2.1.0.tgz#5d23cb35561dd85dc67fb8482309b47d53cce9a7"
  dependencies:
    css "~1.0.8"
    promise "~2.0"
    uglify-js "~2.2.5"

uglify-js@~2.2.5:
  version "2.2.5"
  resolved "http://r.cnpmjs.org/uglify-js/download/uglify-js-2.2.5.tgz#a6e02a70d839792b9780488b7b8b184c095c99c7"
  dependencies:
    optimist "~0.3.5"
    source-map "~0.1.7"

void-elements@~2.0.1:
  version "2.0.1"
  resolved "http://r.cnpmjs.org/void-elements/download/void-elements-2.0.1.tgz#c066afb582bb1cb4128d60ea92392e94d5e9dbec"

with@~4.0.0:
  version "4.0.3"
  resolved "http://r.cnpmjs.org/with/download/with-4.0.3.tgz#eefd154e9e79d2c8d3417b647a8f14d9fecce14e"
  dependencies:
    acorn "^1.0.1"
    acorn-globals "^1.0.3"

wordwrap@~0.0.2:
  version "0.0.3"
  resolved "http://r.cnpmjs.org/wordwrap/download/wordwrap-0.0.3.tgz#a3d5da6cd5c0bc0008d37234bbaf1bed63059107"
